{
  "lockfileVersion": 1,
  "configVersion": 1,
  "workspaces": {
    "": {
      "name": "@repo/ui-mobile",
      "dependencies": {
        "@rn-primitives/slot": "^1.2.0",
      },
    },
  },
  "packages": {
    "@rn-primitives/slot": ["@rn-primitives/slot@1.2.0", "", { "peerDependencies": { "react": "*", "react-native": "*", "react-native-web": "*" }, "optionalPeers": ["react-native", "react-native-web"] }, "sha512-cpbn+JLjSeq3wcA4uqgFsUimMrWYWx2Ks7r5rkwd1ds1utxynsGkLOKpYVQkATwWrYhtcoF1raxIKEqXuMN+/w=="],

    "react": ["react@19.2.4", "", {}, "sha512-9nfp2hYpCwOjAN+8TZFGhtWEwgvWHXqESH8qT89AT/lWklpLON22Lc8pEtnpsZz7VmawabSU0gCjnj8aC0euHQ=="],
  }
}
